// !$*UTF8*$!
{
	archiveVersion = 1;
	classes = {
	};
	objectVersion = 48;
	objects = {

/* Begin PBXBuildFile section */
		4C92D5281F8D63D800778844 /* AppDelegate.mm in Sources */ = {isa = PBXBuildFile; fileRef = 4C92D5271F8D63D800778844 /* AppDelegate.mm */; };
		4C92D52B1F8D63D800778844 /* MainViewController.m in Sources */ = {isa = PBXBuildFile; fileRef = 4C92D52A1F8D63D800778844 /* MainViewController.m */; };
		4C92D52E1F8D63D800778844 /* Main.storyboard in Resources */ = {isa = PBXBuildFile; fileRef = 4C92D52C1F8D63D800778844 /* Main.storyboard */; };
		4C92D5301F8D63D800778844 /* Assets.xcassets in Resources */ = {isa = PBXBuildFile; fileRef = 4C92D52F1F8D63D800778844 /* Assets.xcassets */; };
		4C92D5331F8D63D800778844 /* LaunchScreen.storyboard in Resources */ = {isa = PBXBuildFile; fileRef = 4C92D5311F8D63D800778844 /* LaunchScreen.storyboard */; };
		4C92D5361F8D63D800778844 /* main.m in Sources */ = {isa = PBXBuildFile; fileRef = 4C92D5351F8D63D800778844 /* main.m */; };
		4C92D5401F8D63D800778844 /* iOSCoco2dXAppTests.m in Sources */ = {isa = PBXBuildFile; fileRef = 4C92D53F1F8D63D800778844 /* iOSCoco2dXAppTests.m */; };
		4C92D54C1F8D646000778844 /* GameViewController.m in Sources */ = {isa = PBXBuildFile; fileRef = 4C92D54B1F8D646000778844 /* GameViewController.m */; };
/* End PBXBuildFile section */

/* Begin PBXContainerItemProxy section */
		4C92D53C1F8D63D800778844 /* PBXContainerItemProxy */ = {
			isa = PBXContainerItemProxy;
			containerPortal = 4C92D51B1F8D63D800778844 /* Project object */;
			proxyType = 1;
			remoteGlobalIDString = 4C92D5221F8D63D800778844;
			remoteInfo = iOSCoco2dXApp;
		};
/* End PBXContainerItemProxy section */

/* Begin PBXFileReference section */
		4C92D5231F8D63D800778844 /* iOSCoco2dXApp.app */ = {isa = PBXFileReference; explicitFileType = wrapper.application; includeInIndex = 0; path = iOSCoco2dXApp.app; sourceTree = BUILT_PRODUCTS_DIR; };
		4C92D5261F8D63D800778844 /* AppDelegate.h */ = {isa = PBXFileReference; lastKnownFileType = sourcecode.c.h; path = AppDelegate.h; sourceTree = "<group>"; };
		4C92D5271F8D63D800778844 /* AppDelegate.mm */ = {isa = PBXFileReference; lastKnownFileType = sourcecode.cpp.objcpp; path = AppDelegate.mm; sourceTree = "<group>"; };
		4C92D5291F8D63D800778844 /* MainViewController.h */ = {isa = PBXFileReference; lastKnownFileType = sourcecode.c.h; path = MainViewController.h; sourceTree = "<group>"; };
		4C92D52A1F8D63D800778844 /* MainViewController.m */ = {isa = PBXFileReference; lastKnownFileType = sourcecode.c.objc; path = MainViewController.m; sourceTree = "<group>"; };
		4C92D52D1F8D63D800778844 /* Base */ = {isa = PBXFileReference; lastKnownFileType = file.storyboard; name = Base; path = Base.lproj/Main.storyboard; sourceTree = "<group>"; };
		4C92D52F1F8D63D800778844 /* Assets.xcassets */ = {isa = PBXFileReference; lastKnownFileType = folder.assetcatalog; path = Assets.xcassets; sourceTree = "<group>"; };
		4C92D5321F8D63D800778844 /* Base */ = {isa = PBXFileReference; lastKnownFileType = file.storyboard; name = Base; path = Base.lproj/LaunchScreen.storyboard; sourceTree = "<group>"; };
		4C92D5341F8D63D800778844 /* Info.plist */ = {isa = PBXFileReference; lastKnownFileType = text.plist.xml; path = Info.plist; sourceTree = "<group>"; };
		4C92D5351F8D63D800778844 /* main.m */ = {isa = PBXFileReference; lastKnownFileType = sourcecode.c.objc; path = main.m; sourceTree = "<group>"; };
		4C92D53B1F8D63D800778844 /* iOSCoco2dXAppTests.xctest */ = {isa = PBXFileReference; explicitFileType = wrapper.cfbundle; includeInIndex = 0; path = iOSCoco2dXAppTests.xctest; sourceTree = BUILT_PRODUCTS_DIR; };
		4C92D53F1F8D63D800778844 /* iOSCoco2dXAppTests.m */ = {isa = PBXFileReference; lastKnownFileType = sourcecode.c.objc; path = iOSCoco2dXAppTests.m; sourceTree = "<group>"; };
		4C92D5411F8D63D800778844 /* Info.plist */ = {isa = PBXFileReference; lastKnownFileType = text.plist.xml; path = Info.plist; sourceTree = "<group>"; };
		4C92D54A1F8D646000778844 /* GameViewController.h */ = {isa = PBXFileReference; lastKnownFileType = sourcecode.c.h; path = GameViewController.h; sourceTree = "<group>"; };
		4C92D54B1F8D646000778844 /* GameViewController.m */ = {isa = PBXFileReference; lastKnownFileType = sourcecode.c.objc; path = GameViewController.m; sourceTree = "<group>"; };
		4C92D5521F8D654300778844 /* Cocos2dXGameController.h */ = {isa = PBXFileReference; lastKnownFileType = sourcecode.c.h; path = Cocos2dXGameController.h; sourceTree = "<group>"; };
		4C92D5531F8D654300778844 /* Cocos2dXGameController.m */ = {isa = PBXFileReference; lastKnownFileType = sourcecode.c.objc; path = Cocos2dXGameController.m; sourceTree = "<group>"; };
/* End PBXFileReference section */

/* Begin PBXFrameworksBuildPhase section */
		4C92D5201F8D63D800778844 /* Frameworks */ = {
			isa = PBXFrameworksBuildPhase;
			buildActionMask = 2147483647;
			files = (
			);
			runOnlyForDeploymentPostprocessing = 0;
		};
		4C92D5381F8D63D800778844 /* Frameworks */ = {
			isa = PBXFrameworksBuildPhase;
			buildActionMask = 2147483647;
			files = (
			);
			runOnlyForDeploymentPostprocessing = 0;
		};
/* End PBXFrameworksBuildPhase section */

/* Begin PBXGroup section */
		4C92D51A1F8D63D800778844 = {
			isa = PBXGroup;
			children = (
				4C92D5251F8D63D800778844 /* iOSCoco2dXApp */,
				4C92D53E1F8D63D800778844 /* iOSCoco2dXAppTests */,
				4C92D5241F8D63D800778844 /* Products */,
			);
			sourceTree = "<group>";
		};
		4C92D5241F8D63D800778844 /* Products */ = {
			isa = PBXGroup;
			children = (
				4C92D5231F8D63D800778844 /* iOSCoco2dXApp.app */,
				4C92D53B1F8D63D800778844 /* iOSCoco2dXAppTests.xctest */,
			);
			name = Products;
			sourceTree = "<group>";
		};
		4C92D5251F8D63D800778844 /* iOSCoco2dXApp */ = {
			isa = PBXGroup;
			children = (
				4C92D5261F8D63D800778844 /* AppDelegate.h */,
				4C92D5271F8D63D800778844 /* AppDelegate.mm */,
				4C92D5291F8D63D800778844 /* MainViewController.h */,
				4C92D52A1F8D63D800778844 /* MainViewController.m */,
				4C92D54A1F8D646000778844 /* GameViewController.h */,
				4C92D54B1F8D646000778844 /* GameViewController.m */,
				4C92D5511F8D654300778844 /* Coco2dXGameController */,
				4C92D52C1F8D63D800778844 /* Main.storyboard */,
				4C92D52F1F8D63D800778844 /* Assets.xcassets */,
				4C92D5311F8D63D800778844 /* LaunchScreen.storyboard */,
				4C92D5341F8D63D800778844 /* Info.plist */,
				4C92D5351F8D63D800778844 /* main.m */,
			);
			path = iOSCoco2dXApp;
			sourceTree = "<group>";
		};
		4C92D53E1F8D63D800778844 /* iOSCoco2dXAppTests */ = {
			isa = PBXGroup;
			children = (
				4C92D53F1F8D63D800778844 /* iOSCoco2dXAppTests.m */,
				4C92D5411F8D63D800778844 /* Info.plist */,
			);
			path = iOSCoco2dXAppTests;
			sourceTree = "<group>";
		};
		4C92D5511F8D654300778844 /* Coco2dXGameController */ = {
			isa = PBXGroup;
			children = (
				4C92D5521F8D654300778844 /* Cocos2dXGameController.h */,
				4C92D5531F8D654300778844 /* Cocos2dXGameController.m */,
			);
			path = Coco2dXGameController;
			sourceTree = "<group>";
		};
/* End PBXGroup section */

/* Begin PBXNativeTarget section */
		4C92D5221F8D63D800778844 /* iOSCoco2dXApp */ = {
			isa = PBXNativeTarget;
			buildConfigurationList = 4C92D5441F8D63D800778844 /* Build configuration list for PBXNativeTarget "iOSCoco2dXApp" */;
			buildPhases = (
				4C92D51F1F8D63D800778844 /* Sources */,
				4C92D5201F8D63D800778844 /* Frameworks */,
				4C92D5211F8D63D800778844 /* Resources */,
			);
			buildRules = (
			);
			dependencies = (
			);
			name = iOSCoco2dXApp;
			productName = iOSCoco2dXApp;
			productReference = 4C92D5231F8D63D800778844 /* iOSCoco2dXApp.app */;
			productType = "com.apple.product-type.application";
		};
		4C92D53A1F8D63D800778844 /* iOSCoco2dXAppTests */ = {
			isa = PBXNativeTarget;
			buildConfigurationList = 4C92D5471F8D63D800778844 /* Build configuration list for PBXNativeTarget "iOSCoco2dXAppTests" */;
			buildPhases = (
				4C92D5371F8D63D800778844 /* Sources */,
				4C92D5381F8D63D800778844 /* Frameworks */,
				4C92D5391F8D63D800778844 /* Resources */,
			);
			buildRules = (
			);
			dependencies = (
				4C92D53D1F8D63D800778844 /* PBXTargetDependency */,
			);
			name = iOSCoco2dXAppTests;
			productName = iOSCoco2dXAppTests;
			productReference = 4C92D53B1F8D63D800778844 /* iOSCoco2dXAppTests.xctest */;
			productType = "com.apple.product-type.bundle.unit-test";
		};
/* End PBXNativeTarget section */

/* Begin PBXProject section */
		4C92D51B1F8D63D800778844 /* Project object */ = {
			isa = PBXProject;
			attributes = {
				LastUpgradeCheck = 0900;
				ORGANIZATIONNAME = LifeOfCoder;
				TargetAttributes = {
					4C92D5221F8D63D800778844 = {
						CreatedOnToolsVersion = 9.0;
						ProvisioningStyle = Automatic;
					};
					4C92D53A1F8D63D800778844 = {
						CreatedOnToolsVersion = 9.0;
						ProvisioningStyle = Automatic;
						TestTargetID = 4C92D5221F8D63D800778844;
					};
				};
			};
			buildConfigurationList = 4C92D51E1F8D63D800778844 /* Build configuration list for PBXProject "iOSCoco2dXApp" */;
			compatibilityVersion = "Xcode 8.0";
			developmentRegion = en;
			hasScannedForEncodings = 0;
			knownRegions = (
				en,
				Base,
			);
			mainGroup = 4C92D51A1F8D63D800778844;
			productRefGroup = 4C92D5241F8D63D800778844 /* Products */;
			projectDirPath = "";
			projectRoot = "";
			targets = (
				4C92D5221F8D63D800778844 /* iOSCoco2dXApp */,
				4C92D53A1F8D63D800778844 /* iOSCoco2dXAppTests */,
			);
		};
/* End PBXProject section */

/* Begin PBXResourcesBuildPhase section */
		4C92D5211F8D63D800778844 /* Resources */ = {
			isa = PBXResourcesBuildPhase;
			buildActionMask = 2147483647;
			files = (
				4C92D5331F8D63D800778844 /* LaunchScreen.storyboard in Resources */,
				4C92D5301F8D63D800778844 /* Assets.xcassets in Resources */,
				4C92D52E1F8D63D800778844 /* Main.storyboard in Resources */,
			);
			runOnlyForDeploymentPostprocessing = 0;
		};
		4C92D5391F8D63D800778844 /* Resources */ = {
			isa = PBXResourcesBuildPhase;
			buildActionMask = 2147483647;
			files = (
			);
			runOnlyForDeploymentPostprocessing = 0;
		};
/* End PBXResourcesBuildPhase section */

/* Begin PBXSourcesBuildPhase section */
		4C92D51F1F8D63D800778844 /* Sources */ = {
			isa = PBXSourcesBuildPhase;
			buildActionMask = 2147483647;
			files = (
				4C92D54C1F8D646000778844 /* GameViewController.m in Sources */,
				4C92D52B1F8D63D800778844 /* MainViewController.m in Sources */,
				4C92D5361F8D63D800778844 /* main.m in Sources */,
				4C92D5281F8D63D800778844 /* AppDelegate.mm in Sources */,
			);
			runOnlyForDeploymentPostprocessing = 0;
		};
		4C92D5371F8D63D800778844 /* Sources */ = {
			isa = PBXSourcesBuildPhase;
			buildActionMask = 2147483647;
			files = (
				4C92D5401F8D63D800778844 /* iOSCoco2dXAppTests.m in Sources */,
			);
			runOnlyForDeploymentPostprocessing = 0;
		};
/* End PBXSourcesBuildPhase section */

/* Begin PBXTargetDependency section */
		4C92D53D1F8D63D800778844 /* PBXTargetDependency */ = {
			isa = PBXTargetDependency;
			target = 4C92D5221F8D63D800778844 /* iOSCoco2dXApp */;
			targetProxy = 4C92D53C1F8D63D800778844 /* PBXContainerItemProxy */;
		};
/* End PBXTargetDependency section */

/* Begin PBXVariantGroup section */
		4C92D52C1F8D63D800778844 /* Main.storyboard */ = {
			isa = PBXVariantGroup;
			children = (
				4C92D52D1F8D63D800778844 /* Base */,
			);
			name = Main.storyboard;
			sourceTree = "<group>";
		};
		4C92D5311F8D63D800778844 /* LaunchScreen.storyboard */ = {
			isa = PBXVariantGroup;
			children = (
				4C92D5321F8D63D800778844 /* Base */,
			);
			name = LaunchScreen.storyboard;
			sourceTree = "<group>";
		};
/* End PBXVariantGroup section */

/* Begin XCBuildConfiguration section */
		4C92D5421F8D63D800778844 /* Debug */ = {
			isa = XCBuildConfiguration;
			buildSettings = {
				ALWAYS_SEARCH_USER_PATHS = NO;
				CLANG_ANALYZER_NONNULL = YES;
				CLANG_ANALYZER_NUMBER_OBJECT_CONVERSION = YES_AGGRESSIVE;
				CLANG_CXX_LANGUAGE_STANDARD = "gnu++14";
				CLANG_CXX_LIBRARY = "libc++";
				CLANG_ENABLE_MODULES = YES;
				CLANG_ENABLE_OBJC_ARC = YES;
				CLANG_WARN_BLOCK_CAPTURE_AUTORELEASING = YES;
				CLANG_WARN_BOOL_CONVERSION = YES;
				CLANG_WARN_COMMA = YES;
				CLANG_WARN_CONSTANT_CONVERSION = YES;
				CLANG_WARN_DIRECT_OBJC_ISA_USAGE = YES_ERROR;
				CLANG_WARN_DOCUMENTATION_COMMENTS = YES;
				CLANG_WARN_EMPTY_BODY = YES;
				CLANG_WARN_ENUM_CONVERSION = YES;
				CLANG_WARN_INFINITE_RECURSION = YES;
				CLANG_WARN_INT_CONVERSION = YES;
				CLANG_WARN_NON_LITERAL_NULL_CONVERSION = YES;
				CLANG_WARN_OBJC_LITERAL_CONVERSION = YES;
				CLANG_WARN_OBJC_ROOT_CLASS = YES_ERROR;
				CLANG_WARN_RANGE_LOOP_ANALYSIS = YES;
				CLANG_WARN_STRICT_PROTOTYPES = YES;
				CLANG_WARN_SUSPICIOUS_MOVE = YES;
				CLANG_WARN_UNGUARDED_AVAILABILITY = YES_AGGRESSIVE;
				CLANG_WARN_UNREACHABLE_CODE = YES;
				CLANG_WARN__DUPLICATE_METHOD_MATCH = YES;
				CODE_SIGN_IDENTITY = "iPhone Developer";
				COPY_PHASE_STRIP = NO;
				DEBUG_INFORMATION_FORMAT = dwarf;
				ENABLE_STRICT_OBJC_MSGSEND = YES;
				ENABLE_TESTABILITY = YES;
				GCC_C_LANGUAGE_STANDARD = gnu11;
				GCC_DYNAMIC_NO_PIC = NO;
				GCC_NO_COMMON_BLOCKS = YES;
				GCC_OPTIMIZATION_LEVEL = 0;
				GCC_PREPROCESSOR_DEFINITIONS = (
					"DEBUG=1",
					"$(inherited)",
				);
				GCC_WARN_64_TO_32_BIT_CONVERSION = YES;
				GCC_WARN_ABOUT_RETURN_TYPE = YES_ERROR;
				GCC_WARN_UNDECLARED_SELECTOR = YES;
				GCC_WARN_UNINITIALIZED_AUTOS = YES_AGGRESSIVE;
				GCC_WARN_UNUSED_FUNCTION = YES;
				GCC_WARN_UNUSED_VARIABLE = YES;
				IPHONEOS_DEPLOYMENT_TARGET = 11.0;
				MTL_ENABLE_DEBUG_INFO = YES;
				ONLY_ACTIVE_ARCH = YES;
				SDKROOT = iphoneos;
			};
			name = Debug;
		};
		4C92D5431F8D63D800778844 /* Release */ = {
			isa = XCBuildConfiguration;
			buildSettings = {
				ALWAYS_SEARCH_USER_PATHS = NO;
				CLANG_ANALYZER_NONNULL = YES;
				CLANG_ANALYZER_NUMBER_OBJECT_CONVERSION = YES_AGGRESSIVE;
				CLANG_CXX_LANGUAGE_STANDARD = "gnu++14";
				CLANG_CXX_LIBRARY = "libc++";
				CLANG_ENABLE_MODULES = YES;
				CLANG_ENABLE_OBJC_ARC = YES;
				CLANG_WARN_BLOCK_CAPTURE_AUTORELEASING = YES;
				CLANG_WARN_BOOL_CONVERSION = YES;
				CLANG_WARN_COMMA = YES;
				CLANG_WARN_CONSTANT_CONVERSION = YES;
				CLANG_WARN_DIRECT_OBJC_ISA_USAGE = YES_ERROR;
				CLANG_WARN_DOCUMENTATION_COMMENTS = YES;
				CLANG_WARN_EMPTY_BODY = YES;
				CLANG_WARN_ENUM_CONVERSION = YES;
				CLANG_WARN_INFINITE_RECURSION = YES;
				CLANG_WARN_INT_CONVERSION = YES;
				CLANG_WARN_NON_LITERAL_NULL_CONVERSION = YES;
				CLANG_WARN_OBJC_LITERAL_CONVERSION = YES;
				CLANG_WARN_OBJC_ROOT_CLASS = YES_ERROR;
				CLANG_WARN_RANGE_LOOP_ANALYSIS = YES;
				CLANG_WARN_STRICT_PROTOTYPES = YES;
				CLANG_WARN_SUSPICIOUS_MOVE = YES;
				CLANG_WARN_UNGUARDED_AVAILABILITY = YES_AGGRESSIVE;
				CLANG_WARN_UNREACHABLE_CODE = YES;
				CLANG_WARN__DUPLICATE_METHOD_MATCH = YES;
				CODE_SIGN_IDENTITY = "iPhone Developer";
				COPY_PHASE_STRIP = NO;
				DEBUG_INFORMATION_FORMAT = "dwarf-with-dsym";
				ENABLE_NS_ASSERTIONS = NO;
				ENABLE_STRICT_OBJC_MSGSEND = YES;
				GCC_C_LANGUAGE_STANDARD = gnu11;
				GCC_NO_COMMON_BLOCKS = YES;
				GCC_WARN_64_TO_32_BIT_CONVERSION = YES;
				GCC_WARN_ABOUT_RETURN_TYPE = YES_ERROR;
				GCC_WARN_UNDECLARED_SELECTOR = YES;
				GCC_WARN_UNINITIALIZED_AUTOS = YES_AGGRESSIVE;
				GCC_WARN_UNUSED_FUNCTION = YES;
				GCC_WARN_UNUSED_VARIABLE = YES;
				IPHONEOS_DEPLOYMENT_TARGET = 11.0;
				MTL_ENABLE_DEBUG_INFO = NO;
				SDKROOT = iphoneos;
				VALIDATE_PRODUCT = YES;
			};
			name = Release;
		};
		4C92D5451F8D63D800778844 /* Debug */ = {
			isa = XCBuildConfiguration;
			buildSettings = {
				ASSETCATALOG_COMPILER_APPICON_NAME = AppIcon;
				CODE_SIGN_STYLE = Automatic;
				DEVELOPMENT_TEAM = DVKPWWHTCM;
				INFOPLIST_FILE = iOSCoco2dXApp/Info.plist;
				LD_RUNPATH_SEARCH_PATHS = "$(inherited) @executable_path/Frameworks";
				PRODUCT_BUNDLE_IDENTIFIER = life.coder.iOSCoco2dXApp;
				PRODUCT_NAME = "$(TARGET_NAME)";
				TARGETED_DEVICE_FAMILY = "1,2";
			};
			name = Debug;
		};
		4C92D5461F8D63D800778844 /* Release */ = {
			isa = XCBuildConfiguration;
			buildSettings = {
				ASSETCATALOG_COMPILER_APPICON_NAME = AppIcon;
				CODE_SIGN_STYLE = Automatic;
				DEVELOPMENT_TEAM = DVKPWWHTCM;
				INFOPLIST_FILE = iOSCoco2dXApp/Info.plist;
				LD_RUNPATH_SEARCH_PATHS = "$(inherited) @executable_path/Frameworks";
				PRODUCT_BUNDLE_IDENTIFIER = life.coder.iOSCoco2dXApp;
				PRODUCT_NAME = "$(TARGET_NAME)";
				TARGETED_DEVICE_FAMILY = "1,2";
			};
			name = Release;
		};
		4C92D5481F8D63D800778844 /* Debug */ = {
			isa = XCBuildConfiguration;
			buildSettings = {
				BUNDLE_LOADER = "$(TEST_HOST)";
				CODE_SIGN_STYLE = Automatic;
				DEVELOPMENT_TEAM = DVKPWWHTCM;
				INFOPLIST_FILE = iOSCoco2dXAppTests/Info.plist;
				LD_RUNPATH_SEARCH_PATHS = "$(inherited) @executable_path/Frameworks @loader_path/Frameworks";
				PRODUCT_BUNDLE_IDENTIFIER = life.coder.iOSCoco2dXAppTests;
				PRODUCT_NAME = "$(TARGET_NAME)";
				TARGETED_DEVICE_FAMILY = "1,2";
				TEST_HOST = "$(BUILT_PRODUCTS_DIR)/iOSCoco2dXApp.app/iOSCoco2dXApp";
			};
			name = Debug;
		};
		4C92D5491F8D63D800778844 /* Release */ = {
			isa = XCBuildConfiguration;
			buildSettings = {
				BUNDLE_LOADER = "$(TEST_HOST)";
				CODE_SIGN_STYLE = Automatic;
				DEVELOPMENT_TEAM = DVKPWWHTCM;
				INFOPLIST_FILE = iOSCoco2dXAppTests/Info.plist;
				LD_RUNPATH_SEARCH_PATHS = "$(inherited) @executable_path/Frameworks @loader_path/Frameworks";
				PRODUCT_BUNDLE_IDENTIFIER = life.coder.iOSCoco2dXAppTests;
				PRODUCT_NAME = "$(TARGET_NAME)";
				TARGETED_DEVICE_FAMILY = "1,2";
				TEST_HOST = "$(BUILT_PRODUCTS_DIR)/iOSCoco2dXApp.app/iOSCoco2dXApp";
			};
			name = Release;
		};
/* End XCBuildConfiguration section */

/* Begin XCConfigurationList section */
		4C92D51E1F8D63D800778844 /* Build configuration list for PBXProject "iOSCoco2dXApp" */ = {
			isa = XCConfigurationList;
			buildConfigurations = (
				4C92D5421F8D63D800778844 /* Debug */,
				4C92D5431F8D63D800778844 /* Release */,
			);
			defaultConfigurationIsVisible = 0;
			defaultConfigurationName = Release;
		};
		4C92D5441F8D63D800778844 /* Build configuration list for PBXNativeTarget "iOSCoco2dXApp" */ = {
			isa = XCConfigurationList;
			buildConfigurations = (
				4C92D5451F8D63D800778844 /* Debug */,
				4C92D5461F8D63D800778844 /* Release */,
			);
			defaultConfigurationIsVisible = 0;
			defaultConfigurationName = Release;
		};
		4C92D5471F8D63D800778844 /* Build configuration list for PBXNativeTarget "iOSCoco2dXAppTests" */ = {
			isa = XCConfigurationList;
			buildConfigurations = (
				4C92D5481F8D63D800778844 /* Debug */,
				4C92D5491F8D63D800778844 /* Release */,
			);
			defaultConfigurationIsVisible = 0;
			defaultConfigurationName = Release;
		};
/* End XCConfigurationList section */
	};
	rootObject = 4C92D51B1F8D63D800778844 /* Project object */;
}
